
Microsoft Visual Studio Solution File, Format Version 12.00
# Visual Studio Version 17
VisualStudioVersion = 17.6.33723.286
MinimumVisualStudioVersion = 10.0.40219.1
Project("{FAE04EC0-301F-11D3-BF4B-00C04F79EFBC}") = "QuanLyKhachSan", "QuanLyKhachSan\QuanLyKhachSan.csproj", "{06E3A3E6-7CE1-4575-8E7B-BB055E7B95FB}"
EndProject
Global
	GlobalSection(SolutionConfigurationPlatforms) = preSolution
		Debug|Any CPU = Debug|Any CPU
		Release|Any CPU = Release|Any CPU
	EndGlobalSection
	GlobalSection(ProjectConfigurationPlatforms) = postSolution
		{06E3A3E6-7CE1-4575-8E7B-BB055E7B95FB}.Debug|Any CPU.ActiveCfg = Debug|Any CPU
		{06E3A3E6-7CE1-4575-8E7B-BB055E7B95FB}.Debug|Any CPU.Build.0 = Debug|Any CPU
		{06E3A3E6-7CE1-4575-8E7B-BB055E7B95FB}.Release|Any CPU.ActiveCfg = Release|Any CPU
		{06E3A3E6-7CE1-4575-8E7B-BB055E7B95FB}.Release|Any CPU.Build.0 = Release|Any CPU
	EndGlobalSection
	GlobalSection(SolutionProperties) = preSolution
		HideSolutionNode = FALSE
	EndGlobalSection
	GlobalSection(ExtensibilityGlobals) = postSolution
		SolutionGuid = {5DE29613-D183-4A41-97A5-914C3231E7CB}
	EndGlobalSection
EndGlobal
